
Microsoft Visual Studio Solution File, Format Version 12.00
# Visual Studio 15
VisualStudioVersion = 15.0.28307.329
MinimumVisualStudioVersion = 10.0.40219.1
Project("{FAE04EC0-301F-11D3-BF4B-00C04F79EFBC}") = "SiemensPerformance", "SiemensPerformance.csproj", "{7CCE3236-6151-4CF0-A719-A3F4F22B6D27}"
EndProject
Project("{54435603-DBB4-11D2-8724-00A0C9A8B90C}") = "Siemens Performance Visualizer", "SiemensPerformanceInstaller\SiemensPerformanceInstaller.vdproj", "{01FB07F0-1128-4FA9-931A-17D1334C6DC2}"
EndProject
Global
	GlobalSection(SolutionConfigurationPlatforms) = preSolution
		Debug|Any CPU = Debug|Any CPU
		Debug|x64 = Debug|x64
		Release|Any CPU = Release|Any CPU
		Release|x64 = Release|x64
	EndGlobalSection
	GlobalSection(ProjectConfigurationPlatforms) = postSolution
		{7CCE3236-6151-4CF0-A719-A3F4F22B6D27}.Debug|Any CPU.ActiveCfg = Debug|Any CPU
		{7CCE3236-6151-4CF0-A719-A3F4F22B6D27}.Debug|Any CPU.Build.0 = Debug|Any CPU
		{7CCE3236-6151-4CF0-A719-A3F4F22B6D27}.Debug|x64.ActiveCfg = Debug|Any CPU
		{7CCE3236-6151-4CF0-A719-A3F4F22B6D27}.Debug|x64.Build.0 = Debug|Any CPU
		{7CCE3236-6151-4CF0-A719-A3F4F22B6D27}.Release|Any CPU.ActiveCfg = Release|Any CPU
		{7CCE3236-6151-4CF0-A719-A3F4F22B6D27}.Release|Any CPU.Build.0 = Release|Any CPU
		{7CCE3236-6151-4CF0-A719-A3F4F22B6D27}.Release|x64.ActiveCfg = Release|Any CPU
		{7CCE3236-6151-4CF0-A719-A3F4F22B6D27}.Release|x64.Build.0 = Release|Any CPU
		{01FB07F0-1128-4FA9-931A-17D1334C6DC2}.Debug|Any CPU.ActiveCfg = Debug
		{01FB07F0-1128-4FA9-931A-17D1334C6DC2}.Debug|x64.ActiveCfg = Debug
		{01FB07F0-1128-4FA9-931A-17D1334C6DC2}.Release|Any CPU.ActiveCfg = Release
		{01FB07F0-1128-4FA9-931A-17D1334C6DC2}.Release|x64.ActiveCfg = Release
	EndGlobalSection
	GlobalSection(SolutionProperties) = preSolution
		HideSolutionNode = FALSE
	EndGlobalSection
	GlobalSection(ExtensibilityGlobals) = postSolution
		SolutionGuid = {308E9491-DBA1-4D49-864B-80D0D1362D00}
	EndGlobalSection
EndGlobal
