
Microsoft Visual Studio Solution File, Format Version 12.00
# Visual Studio 15
VisualStudioVersion = 15.0.27703.2026
MinimumVisualStudioVersion = 10.0.40219.1
Project("{FAE04EC0-301F-11D3-BF4B-00C04F79EFBC}") = "SyncfusionWpfSample3", "SyncfusionWpfSample3\SyncfusionWpfSample3.csproj", "{B5BFABE8-4662-440E-92D9-2C135EE36386}"
EndProject
Global
	GlobalSection(SolutionConfigurationPlatforms) = preSolution
		Debug|Any CPU = Debug|Any CPU
		Release|Any CPU = Release|Any CPU
	EndGlobalSection
	GlobalSection(ProjectConfigurationPlatforms) = postSolution
		{B5BFABE8-4662-440E-92D9-2C135EE36386}.Debug|Any CPU.ActiveCfg = Debug|Any CPU
		{B5BFABE8-4662-440E-92D9-2C135EE36386}.Debug|Any CPU.Build.0 = Debug|Any CPU
		{B5BFABE8-4662-440E-92D9-2C135EE36386}.Release|Any CPU.ActiveCfg = Release|Any CPU
		{B5BFABE8-4662-440E-92D9-2C135EE36386}.Release|Any CPU.Build.0 = Release|Any CPU
	EndGlobalSection
	GlobalSection(SolutionProperties) = preSolution
		HideSolutionNode = FALSE
	EndGlobalSection
	GlobalSection(ExtensibilityGlobals) = postSolution
		SolutionGuid = {8B7B71A5-288C-4279-BD0C-8FB9D0C99972}
	EndGlobalSection
EndGlobal
